PODS:
  - Nimble (7.0.2)
  - Quick (1.2.0)
  - SpriteKitEasingSwift (0.11)

DEPENDENCIES:
  - Nimble
  - Quick
  - SpriteKitEasingSwift (from `../`)

EXTERNAL SOURCES:
  SpriteKitEasingSwift:
    :path: ../

SPEC CHECKSUMS:
  Nimble: bfe1f814edabba69ff145cb1283e04ed636a67f2
  Quick: 58d203b1c5e27fff7229c4c1ae445ad7069a7a08
  SpriteKitEasingSwift: 087faadb520bcf47fb19675fb1649653707a6ffb

PODFILE CHECKSUM: cff8e8d89fe16dcb12f4c7f6402002e97702c983

COCOAPODS: 1.3.1
