PODS:
  - Nimble (9.2.0)
  - Quick (4.0.0)
  - SpriteKitEasingSwift (0.15)

DEPENDENCIES:
  - Nimble
  - Quick
  - SpriteKitEasingSwift (from `../`)

SPEC REPOS:
  trunk:
    - Nimble
    - Quick

EXTERNAL SOURCES:
  SpriteKitEasingSwift:
    :path: "../"

SPEC CHECKSUMS:
  Nimble: 4f4a345c80b503b3ea13606a4f98405974ee4d0b
  Quick: 6473349e43b9271a8d43839d9ba1c442ed1b7ac4
  SpriteKitEasingSwift: ecdaaef7dad82062725ba1432099991e2e84aa08

PODFILE CHECKSUM: 194a098605de536196b5cb86282eb981dee47c38

COCOAPODS: 1.10.1
